
Microsoft Visual Studio Solution File, Format Version 12.00
# Visual Studio Version 17
VisualStudioVersion = 17.7.34221.43
MinimumVisualStudioVersion = 10.0.40219.1
Project("{FAE04EC0-301F-11D3-BF4B-00C04F79EFBC}") = "Exercise14", "Exercise14\Exercise14.csproj", "{5CC291BC-92BC-48DD-82CF-7BE168FC903E}"
EndProject
Global
	GlobalSection(SolutionConfigurationPlatforms) = preSolution
		Debug|Any CPU = Debug|Any CPU
		Release|Any CPU = Release|Any CPU
	EndGlobalSection
	GlobalSection(ProjectConfigurationPlatforms) = postSolution
		{5CC291BC-92BC-48DD-82CF-7BE168FC903E}.Debug|Any CPU.ActiveCfg = Debug|Any CPU
		{5CC291BC-92BC-48DD-82CF-7BE168FC903E}.Debug|Any CPU.Build.0 = Debug|Any CPU
		{5CC291BC-92BC-48DD-82CF-7BE168FC903E}.Release|Any CPU.ActiveCfg = Release|Any CPU
		{5CC291BC-92BC-48DD-82CF-7BE168FC903E}.Release|Any CPU.Build.0 = Release|Any CPU
	EndGlobalSection
	GlobalSection(SolutionProperties) = preSolution
		HideSolutionNode = FALSE
	EndGlobalSection
	GlobalSection(ExtensibilityGlobals) = postSolution
		SolutionGuid = {957F71EC-C0EB-428A-88F7-A504D5290DA1}
	EndGlobalSection
EndGlobal
