
Microsoft Visual Studio Solution File, Format Version 12.00
# Visual Studio Version 17
VisualStudioVersion = 17.7.34221.43
MinimumVisualStudioVersion = 10.0.40219.1
Project("{FAE04EC0-301F-11D3-BF4B-00C04F79EFBC}") = "Exercise10", "Exercise10\Exercise10.csproj", "{B415C2D5-8640-4726-8087-6AD25DB2F8E7}"
EndProject
Global
	GlobalSection(SolutionConfigurationPlatforms) = preSolution
		Debug|Any CPU = Debug|Any CPU
		Release|Any CPU = Release|Any CPU
	EndGlobalSection
	GlobalSection(ProjectConfigurationPlatforms) = postSolution
		{B415C2D5-8640-4726-8087-6AD25DB2F8E7}.Debug|Any CPU.ActiveCfg = Debug|Any CPU
		{B415C2D5-8640-4726-8087-6AD25DB2F8E7}.Debug|Any CPU.Build.0 = Debug|Any CPU
		{B415C2D5-8640-4726-8087-6AD25DB2F8E7}.Release|Any CPU.ActiveCfg = Release|Any CPU
		{B415C2D5-8640-4726-8087-6AD25DB2F8E7}.Release|Any CPU.Build.0 = Release|Any CPU
	EndGlobalSection
	GlobalSection(SolutionProperties) = preSolution
		HideSolutionNode = FALSE
	EndGlobalSection
	GlobalSection(ExtensibilityGlobals) = postSolution
		SolutionGuid = {CED6A418-05C2-4D8C-86E2-EBD7754D7519}
	EndGlobalSection
EndGlobal
