
Microsoft Visual Studio Solution File, Format Version 12.00
# Visual Studio Version 17
VisualStudioVersion = 17.7.34221.43
MinimumVisualStudioVersion = 10.0.40219.1
Project("{FAE04EC0-301F-11D3-BF4B-00C04F79EFBC}") = "Exercise19", "Exercise19\Exercise19.csproj", "{06F846AD-07CC-452E-9612-F39327562E23}"
EndProject
Global
	GlobalSection(SolutionConfigurationPlatforms) = preSolution
		Debug|Any CPU = Debug|Any CPU
		Release|Any CPU = Release|Any CPU
	EndGlobalSection
	GlobalSection(ProjectConfigurationPlatforms) = postSolution
		{06F846AD-07CC-452E-9612-F39327562E23}.Debug|Any CPU.ActiveCfg = Debug|Any CPU
		{06F846AD-07CC-452E-9612-F39327562E23}.Debug|Any CPU.Build.0 = Debug|Any CPU
		{06F846AD-07CC-452E-9612-F39327562E23}.Release|Any CPU.ActiveCfg = Release|Any CPU
		{06F846AD-07CC-452E-9612-F39327562E23}.Release|Any CPU.Build.0 = Release|Any CPU
	EndGlobalSection
	GlobalSection(SolutionProperties) = preSolution
		HideSolutionNode = FALSE
	EndGlobalSection
	GlobalSection(ExtensibilityGlobals) = postSolution
		SolutionGuid = {E1EA86C3-4CA4-4481-BD7F-01E54BF083E9}
	EndGlobalSection
EndGlobal
